
Microsoft Visual Studio Solution File, Format Version 12.00
# Visual Studio 15
VisualStudioVersion = 15.0.28307.1267
MinimumVisualStudioVersion = 10.0.40219.1
Project("{FAE04EC0-301F-11D3-BF4B-00C04F79EFBC}") = "Akıllı Tahta", "Akıllı Tahta\Akıllı Tahta.csproj", "{054A60F8-B5A8-4CCA-A1DB-AB0A9180A3EE}"
EndProject
Global
	GlobalSection(SolutionConfigurationPlatforms) = preSolution
		Debug|Any CPU = Debug|Any CPU
		Release|Any CPU = Release|Any CPU
	EndGlobalSection
	GlobalSection(ProjectConfigurationPlatforms) = postSolution
		{054A60F8-B5A8-4CCA-A1DB-AB0A9180A3EE}.Debug|Any CPU.ActiveCfg = Debug|Any CPU
		{054A60F8-B5A8-4CCA-A1DB-AB0A9180A3EE}.Debug|Any CPU.Build.0 = Debug|Any CPU
		{054A60F8-B5A8-4CCA-A1DB-AB0A9180A3EE}.Release|Any CPU.ActiveCfg = Release|Any CPU
		{054A60F8-B5A8-4CCA-A1DB-AB0A9180A3EE}.Release|Any CPU.Build.0 = Release|Any CPU
	EndGlobalSection
	GlobalSection(SolutionProperties) = preSolution
		HideSolutionNode = FALSE
	EndGlobalSection
	GlobalSection(ExtensibilityGlobals) = postSolution
		SolutionGuid = {F9A6344C-A8BE-4775-8345-5E96850A91A1}
	EndGlobalSection
EndGlobal
